
Microsoft Visual Studio Solution File, Format Version 12.00
# Visual Studio Version 16
VisualStudioVersion = 16.0.30503.244
MinimumVisualStudioVersion = 10.0.40219.1
Project("{FAE04EC0-301F-11D3-BF4B-00C04F79EFBC}") = "BHFinalExam", "BHFinalExam\BHFinalExam.csproj", "{16238AB6-63F4-4285-B168-BDFDD96D53F7}"
EndProject
Global
	GlobalSection(SolutionConfigurationPlatforms) = preSolution
		Debug|Any CPU = Debug|Any CPU
		Release|Any CPU = Release|Any CPU
	EndGlobalSection
	GlobalSection(ProjectConfigurationPlatforms) = postSolution
		{16238AB6-63F4-4285-B168-BDFDD96D53F7}.Debug|Any CPU.ActiveCfg = Debug|Any CPU
		{16238AB6-63F4-4285-B168-BDFDD96D53F7}.Debug|Any CPU.Build.0 = Debug|Any CPU
		{16238AB6-63F4-4285-B168-BDFDD96D53F7}.Release|Any CPU.ActiveCfg = Release|Any CPU
		{16238AB6-63F4-4285-B168-BDFDD96D53F7}.Release|Any CPU.Build.0 = Release|Any CPU
	EndGlobalSection
	GlobalSection(SolutionProperties) = preSolution
		HideSolutionNode = FALSE
	EndGlobalSection
	GlobalSection(ExtensibilityGlobals) = postSolution
		SolutionGuid = {89A9265A-B952-476A-810A-9F7124B3D208}
	EndGlobalSection
EndGlobal
